// !$*UTF8*$!
{
	archiveVersion = 1;
	classes = {
	};
	objectVersion = 56;
	objects = {

/* Begin PBXBuildFile section */
		E1DE3A9C2BAA1F9E000C689C /* AppDelegate.swift in Sources */ = {isa = PBXBuildFile; fileRef = E1DE3A9B2BAA1F9E000C689C /* AppDelegate.swift */; };
		E1DE3A9E2BAA1F9E000C689C /* SceneDelegate.swift in Sources */ = {isa = PBXBuildFile; fileRef = E1DE3A9D2BAA1F9E000C689C /* SceneDelegate.swift */; };
		E1DE3AA02BAA1F9E000C689C /* ViewController.swift in Sources */ = {isa = PBXBuildFile; fileRef = E1DE3A9F2BAA1F9E000C689C /* ViewController.swift */; };
		E1DE3AA32BAA1F9E000C689C /* Base in Resources */ = {isa = PBXBuildFile; fileRef = E1DE3AA22BAA1F9E000C689C /* Base */; };
		E1DE3AA52BAA1FA0000C689C /* Assets.xcassets in Resources */ = {isa = PBXBuildFile; fileRef = E1DE3AA42BAA1FA0000C689C /* Assets.xcassets */; };
		E1DE3AA82BAA1FA0000C689C /* Base in Resources */ = {isa = PBXBuildFile; fileRef = E1DE3AA72BAA1FA0000C689C /* Base */; };
		E1DE3AB32BAA1FA0000C689C /* CounterTests.swift in Sources */ = {isa = PBXBuildFile; fileRef = E1DE3AB22BAA1FA0000C689C /* CounterTests.swift */; };
		E1DE3ABD2BAA1FA0000C689C /* CounterUITests.swift in Sources */ = {isa = PBXBuildFile; fileRef = E1DE3ABC2BAA1FA0000C689C /* CounterUITests.swift */; };
		E1DE3ABF2BAA1FA0000C689C /* CounterUITestsLaunchTests.swift in Sources */ = {isa = PBXBuildFile; fileRef = E1DE3ABE2BAA1FA0000C689C /* CounterUITestsLaunchTests.swift */; };
/* End PBXBuildFile section */

/* Begin PBXContainerItemProxy section */
		E1DE3AAF2BAA1FA0000C689C /* PBXContainerItemProxy */ = {
			isa = PBXContainerItemProxy;
			containerPortal = E1DE3A902BAA1F9E000C689C /* Project object */;
			proxyType = 1;
			remoteGlobalIDString = E1DE3A972BAA1F9E000C689C;
			remoteInfo = Counter;
		};
		E1DE3AB92BAA1FA0000C689C /* PBXContainerItemProxy */ = {
			isa = PBXContainerItemProxy;
			containerPortal = E1DE3A902BAA1F9E000C689C /* Project object */;
			proxyType = 1;
			remoteGlobalIDString = E1DE3A972BAA1F9E000C689C;
			remoteInfo = Counter;
		};
/* End PBXContainerItemProxy section */

/* Begin PBXFileReference section */
		E1DE3A982BAA1F9E000C689C /* Counter.app */ = {isa = PBXFileReference; explicitFileType = wrapper.application; includeInIndex = 0; path = Counter.app; sourceTree = BUILT_PRODUCTS_DIR; };
		E1DE3A9B2BAA1F9E000C689C /* AppDelegate.swift */ = {isa = PBXFileReference; lastKnownFileType = sourcecode.swift; path = AppDelegate.swift; sourceTree = "<group>"; };
		E1DE3A9D2BAA1F9E000C689C /* SceneDelegate.swift */ = {isa = PBXFileReference; lastKnownFileType = sourcecode.swift; path = SceneDelegate.swift; sourceTree = "<group>"; };
		E1DE3A9F2BAA1F9E000C689C /* ViewController.swift */ = {isa = PBXFileReference; lastKnownFileType = sourcecode.swift; path = ViewController.swift; sourceTree = "<group>"; };
		E1DE3AA22BAA1F9E000C689C /* Base */ = {isa = PBXFileReference; lastKnownFileType = file.storyboard; name = Base; path = Base.lproj/Main.storyboard; sourceTree = "<group>"; };
		E1DE3AA42BAA1FA0000C689C /* Assets.xcassets */ = {isa = PBXFileReference; lastKnownFileType = folder.assetcatalog; path = Assets.xcassets; sourceTree = "<group>"; };
		E1DE3AA72BAA1FA0000C689C /* Base */ = {isa = PBXFileReference; lastKnownFileType = file.storyboard; name = Base; path = Base.lproj/LaunchScreen.storyboard; sourceTree = "<group>"; };
		E1DE3AA92BAA1FA0000C689C /* Info.plist */ = {isa = PBXFileReference; lastKnownFileType = text.plist.xml; path = Info.plist; sourceTree = "<group>"; };
		E1DE3AAE2BAA1FA0000C689C /* CounterTests.xctest */ = {isa = PBXFileReference; explicitFileType = wrapper.cfbundle; includeInIndex = 0; path = CounterTests.xctest; sourceTree = BUILT_PRODUCTS_DIR; };
		E1DE3AB22BAA1FA0000C689C /* CounterTests.swift */ = {isa = PBXFileReference; lastKnownFileType = sourcecode.swift; path = CounterTests.swift; sourceTree = "<group>"; };
		E1DE3AB82BAA1FA0000C689C /* CounterUITests.xctest */ = {isa = PBXFileReference; explicitFileType = wrapper.cfbundle; includeInIndex = 0; path = CounterUITests.xctest; sourceTree = BUILT_PRODUCTS_DIR; };
		E1DE3ABC2BAA1FA0000C689C /* CounterUITests.swift */ = {isa = PBXFileReference; lastKnownFileType = sourcecode.swift; path = CounterUITests.swift; sourceTree = "<group>"; };
		E1DE3ABE2BAA1FA0000C689C /* CounterUITestsLaunchTests.swift */ = {isa = PBXFileReference; lastKnownFileType = sourcecode.swift; path = CounterUITestsLaunchTests.swift; sourceTree = "<group>"; };
/* End PBXFileReference section */

/* Begin PBXFrameworksBuildPhase section */
		E1DE3A952BAA1F9E000C689C /* Frameworks */ = {
			isa = PBXFrameworksBuildPhase;
			buildActionMask = 2147483647;
			files = (
			);
			runOnlyForDeploymentPostprocessing = 0;
		};
		E1DE3AAB2BAA1FA0000C689C /* Frameworks */ = {
			isa = PBXFrameworksBuildPhase;
			buildActionMask = 2147483647;
			files = (
			);
			runOnlyForDeploymentPostprocessing = 0;
		};
		E1DE3AB52BAA1FA0000C689C /* Frameworks */ = {
			isa = PBXFrameworksBuildPhase;
			buildActionMask = 2147483647;
			files = (
			);
			runOnlyForDeploymentPostprocessing = 0;
		};
/* End PBXFrameworksBuildPhase section */

/* Begin PBXGroup section */
		E1DE3A8F2BAA1F9E000C689C = {
			isa = PBXGroup;
			children = (
				E1DE3A9A2BAA1F9E000C689C /* Counter */,
				E1DE3AB12BAA1FA0000C689C /* CounterTests */,
				E1DE3ABB2BAA1FA0000C689C /* CounterUITests */,
				E1DE3A992BAA1F9E000C689C /* Products */,
			);
			sourceTree = "<group>";
		};
		E1DE3A992BAA1F9E000C689C /* Products */ = {
			isa = PBXGroup;
			children = (
				E1DE3A982BAA1F9E000C689C /* Counter.app */,
				E1DE3AAE2BAA1FA0000C689C /* CounterTests.xctest */,
				E1DE3AB82BAA1FA0000C689C /* CounterUITests.xctest */,
			);
			name = Products;
			sourceTree = "<group>";
		};
		E1DE3A9A2BAA1F9E000C689C /* Counter */ = {
			isa = PBXGroup;
			children = (
				E1DE3A9B2BAA1F9E000C689C /* AppDelegate.swift */,
				E1DE3A9D2BAA1F9E000C689C /* SceneDelegate.swift */,
				E1DE3A9F2BAA1F9E000C689C /* ViewController.swift */,
				E1DE3AA12BAA1F9E000C689C /* Main.storyboard */,
				E1DE3AA42BAA1FA0000C689C /* Assets.xcassets */,
				E1DE3AA62BAA1FA0000C689C /* LaunchScreen.storyboard */,
				E1DE3AA92BAA1FA0000C689C /* Info.plist */,
			);
			path = Counter;
			sourceTree = "<group>";
		};
		E1DE3AB12BAA1FA0000C689C /* CounterTests */ = {
			isa = PBXGroup;
			children = (
				E1DE3AB22BAA1FA0000C689C /* CounterTests.swift */,
			);
			path = CounterTests;
			sourceTree = "<group>";
		};
		E1DE3ABB2BAA1FA0000C689C /* CounterUITests */ = {
			isa = PBXGroup;
			children = (
				E1DE3ABC2BAA1FA0000C689C /* CounterUITests.swift */,
				E1DE3ABE2BAA1FA0000C689C /* CounterUITestsLaunchTests.swift */,
			);
			path = CounterUITests;
			sourceTree = "<group>";
		};
/* End PBXGroup section */

/* Begin PBXNativeTarget section */
		E1DE3A972BAA1F9E000C689C /* Counter */ = {
			isa = PBXNativeTarget;
			buildConfigurationList = E1DE3AC22BAA1FA0000C689C /* Build configuration list for PBXNativeTarget "Counter" */;
			buildPhases = (
				E1DE3A942BAA1F9E000C689C /* Sources */,
				E1DE3A952BAA1F9E000C689C /* Frameworks */,
				E1DE3A962BAA1F9E000C689C /* Resources */,
			);
			buildRules = (
			);
			dependencies = (
			);
			name = Counter;
			productName = Counter;
			productReference = E1DE3A982BAA1F9E000C689C /* Counter.app */;
			productType = "com.apple.product-type.application";
		};
		E1DE3AAD2BAA1FA0000C689C /* CounterTests */ = {
			isa = PBXNativeTarget;
			buildConfigurationList = E1DE3AC52BAA1FA0000C689C /* Build configuration list for PBXNativeTarget "CounterTests" */;
			buildPhases = (
				E1DE3AAA2BAA1FA0000C689C /* Sources */,
				E1DE3AAB2BAA1FA0000C689C /* Frameworks */,
				E1DE3AAC2BAA1FA0000C689C /* Resources */,
			);
			buildRules = (
			);
			dependencies = (
				E1DE3AB02BAA1FA0000C689C /* PBXTargetDependency */,
			);
			name = CounterTests;
			productName = CounterTests;
			productReference = E1DE3AAE2BAA1FA0000C689C /* CounterTests.xctest */;
			productType = "com.apple.product-type.bundle.unit-test";
		};
		E1DE3AB72BAA1FA0000C689C /* CounterUITests */ = {
			isa = PBXNativeTarget;
			buildConfigurationList = E1DE3AC82BAA1FA0000C689C /* Build configuration list for PBXNativeTarget "CounterUITests" */;
			buildPhases = (
				E1DE3AB42BAA1FA0000C689C /* Sources */,
				E1DE3AB52BAA1FA0000C689C /* Frameworks */,
				E1DE3AB62BAA1FA0000C689C /* Resources */,
			);
			buildRules = (
			);
			dependencies = (
				E1DE3ABA2BAA1FA0000C689C /* PBXTargetDependency */,
			);
			name = CounterUITests;
			productName = CounterUITests;
			productReference = E1DE3AB82BAA1FA0000C689C /* CounterUITests.xctest */;
			productType = "com.apple.product-type.bundle.ui-testing";
		};
/* End PBXNativeTarget section */

/* Begin PBXProject section */
		E1DE3A902BAA1F9E000C689C /* Project object */ = {
			isa = PBXProject;
			attributes = {
				BuildIndependentTargetsInParallel = 1;
				LastSwiftUpdateCheck = 1530;
				LastUpgradeCheck = 1530;
				TargetAttributes = {
					E1DE3A972BAA1F9E000C689C = {
						CreatedOnToolsVersion = 15.3;
					};
					E1DE3AAD2BAA1FA0000C689C = {
						CreatedOnToolsVersion = 15.3;
						TestTargetID = E1DE3A972BAA1F9E000C689C;
					};
					E1DE3AB72BAA1FA0000C689C = {
						CreatedOnToolsVersion = 15.3;
						TestTargetID = E1DE3A972BAA1F9E000C689C;
					};
				};
			};
			buildConfigurationList = E1DE3A932BAA1F9E000C689C /* Build configuration list for PBXProject "Counter" */;
			compatibilityVersion = "Xcode 14.0";
			developmentRegion = en;
			hasScannedForEncodings = 0;
			knownRegions = (
				en,
				Base,
			);
			mainGroup = E1DE3A8F2BAA1F9E000C689C;
			productRefGroup = E1DE3A992BAA1F9E000C689C /* Products */;
			projectDirPath = "";
			projectRoot = "";
			targets = (
				E1DE3A972BAA1F9E000C689C /* Counter */,
				E1DE3AAD2BAA1FA0000C689C /* CounterTests */,
				E1DE3AB72BAA1FA0000C689C /* CounterUITests */,
			);
		};
/* End PBXProject section */

/* Begin PBXResourcesBuildPhase section */
		E1DE3A962BAA1F9E000C689C /* Resources */ = {
			isa = PBXResourcesBuildPhase;
			buildActionMask = 2147483647;
			files = (
				E1DE3AA52BAA1FA0000C689C /* Assets.xcassets in Resources */,
				E1DE3AA82BAA1FA0000C689C /* Base in Resources */,
				E1DE3AA32BAA1F9E000C689C /* Base in Resources */,
			);
			runOnlyForDeploymentPostprocessing = 0;
		};
		E1DE3AAC2BAA1FA0000C689C /* Resources */ = {
			isa = PBXResourcesBuildPhase;
			buildActionMask = 2147483647;
			files = (
			);
			runOnlyForDeploymentPostprocessing = 0;
		};
		E1DE3AB62BAA1FA0000C689C /* Resources */ = {
			isa = PBXResourcesBuildPhase;
			buildActionMask = 2147483647;
			files = (
			);
			runOnlyForDeploymentPostprocessing = 0;
		};
/* End PBXResourcesBuildPhase section */

/* Begin PBXSourcesBuildPhase section */
		E1DE3A942BAA1F9E000C689C /* Sources */ = {
			isa = PBXSourcesBuildPhase;
			buildActionMask = 2147483647;
			files = (
				E1DE3AA02BAA1F9E000C689C /* ViewController.swift in Sources */,
				E1DE3A9C2BAA1F9E000C689C /* AppDelegate.swift in Sources */,
				E1DE3A9E2BAA1F9E000C689C /* SceneDelegate.swift in Sources */,
			);
			runOnlyForDeploymentPostprocessing = 0;
		};
		E1DE3AAA2BAA1FA0000C689C /* Sources */ = {
			isa = PBXSourcesBuildPhase;
			buildActionMask = 2147483647;
			files = (
				E1DE3AB32BAA1FA0000C689C /* CounterTests.swift in Sources */,
			);
			runOnlyForDeploymentPostprocessing = 0;
		};
		E1DE3AB42BAA1FA0000C689C /* Sources */ = {
			isa = PBXSourcesBuildPhase;
			buildActionMask = 2147483647;
			files = (
				E1DE3ABD2BAA1FA0000C689C /* CounterUITests.swift in Sources */,
				E1DE3ABF2BAA1FA0000C689C /* CounterUITestsLaunchTests.swift in Sources */,
			);
			runOnlyForDeploymentPostprocessing = 0;
		};
/* End PBXSourcesBuildPhase section */

/* Begin PBXTargetDependency section */
		E1DE3AB02BAA1FA0000C689C /* PBXTargetDependency */ = {
			isa = PBXTargetDependency;
			target = E1DE3A972BAA1F9E000C689C /* Counter */;
			targetProxy = E1DE3AAF2BAA1FA0000C689C /* PBXContainerItemProxy */;
		};
		E1DE3ABA2BAA1FA0000C689C /* PBXTargetDependency */ = {
			isa = PBXTargetDependency;
			target = E1DE3A972BAA1F9E000C689C /* Counter */;
			targetProxy = E1DE3AB92BAA1FA0000C689C /* PBXContainerItemProxy */;
		};
/* End PBXTargetDependency section */

/* Begin PBXVariantGroup section */
		E1DE3AA12BAA1F9E000C689C /* Main.storyboard */ = {
			isa = PBXVariantGroup;
			children = (
				E1DE3AA22BAA1F9E000C689C /* Base */,
			);
			name = Main.storyboard;
			sourceTree = "<group>";
		};
		E1DE3AA62BAA1FA0000C689C /* LaunchScreen.storyboard */ = {
			isa = PBXVariantGroup;
			children = (
				E1DE3AA72BAA1FA0000C689C /* Base */,
			);
			name = LaunchScreen.storyboard;
			sourceTree = "<group>";
		};
/* End PBXVariantGroup section */

/* Begin XCBuildConfiguration section */
		E1DE3AC02BAA1FA0000C689C /* Debug */ = {
			isa = XCBuildConfiguration;
			buildSettings = {
				ALWAYS_SEARCH_USER_PATHS = NO;
				ASSETCATALOG_COMPILER_GENERATE_SWIFT_ASSET_SYMBOL_EXTENSIONS = YES;
				CLANG_ANALYZER_NONNULL = YES;
				CLANG_ANALYZER_NUMBER_OBJECT_CONVERSION = YES_AGGRESSIVE;
				CLANG_CXX_LANGUAGE_STANDARD = "gnu++20";
				CLANG_ENABLE_MODULES = YES;
				CLANG_ENABLE_OBJC_ARC = YES;
				CLANG_ENABLE_OBJC_WEAK = YES;
				CLANG_WARN_BLOCK_CAPTURE_AUTORELEASING = YES;
				CLANG_WARN_BOOL_CONVERSION = YES;
				CLANG_WARN_COMMA = YES;
				CLANG_WARN_CONSTANT_CONVERSION = YES;
				CLANG_WARN_DEPRECATED_OBJC_IMPLEMENTATIONS = YES;
				CLANG_WARN_DIRECT_OBJC_ISA_USAGE = YES_ERROR;
				CLANG_WARN_DOCUMENTATION_COMMENTS = YES;
				CLANG_WARN_EMPTY_BODY = YES;
				CLANG_WARN_ENUM_CONVERSION = YES;
				CLANG_WARN_INFINITE_RECURSION = YES;
				CLANG_WARN_INT_CONVERSION = YES;
				CLANG_WARN_NON_LITERAL_NULL_CONVERSION = YES;
				CLANG_WARN_OBJC_IMPLICIT_RETAIN_SELF = YES;
				CLANG_WARN_OBJC_LITERAL_CONVERSION = YES;
				CLANG_WARN_OBJC_ROOT_CLASS = YES_ERROR;
				CLANG_WARN_QUOTED_INCLUDE_IN_FRAMEWORK_HEADER = YES;
				CLANG_WARN_RANGE_LOOP_ANALYSIS = YES;
				CLANG_WARN_STRICT_PROTOTYPES = YES;
				CLANG_WARN_SUSPICIOUS_MOVE = YES;
				CLANG_WARN_UNGUARDED_AVAILABILITY = YES_AGGRESSIVE;
				CLANG_WARN_UNREACHABLE_CODE = YES;
				CLANG_WARN__DUPLICATE_METHOD_MATCH = YES;
				COPY_PHASE_STRIP = NO;
				DEBUG_INFORMATION_FORMAT = dwarf;
				ENABLE_STRICT_OBJC_MSGSEND = YES;
				ENABLE_TESTABILITY = YES;
				ENABLE_USER_SCRIPT_SANDBOXING = YES;
				GCC_C_LANGUAGE_STANDARD = gnu17;
				GCC_DYNAMIC_NO_PIC = NO;
				GCC_NO_COMMON_BLOCKS = YES;
				GCC_OPTIMIZATION_LEVEL = 0;
				GCC_PREPROCESSOR_DEFINITIONS = (
					"DEBUG=1",
					"$(inherited)",
				);
				GCC_WARN_64_TO_32_BIT_CONVERSION = YES;
				GCC_WARN_ABOUT_RETURN_TYPE = YES_ERROR;
				GCC_WARN_UNDECLARED_SELECTOR = YES;
				GCC_WARN_UNINITIALIZED_AUTOS = YES_AGGRESSIVE;
				GCC_WARN_UNUSED_FUNCTION = YES;
				GCC_WARN_UNUSED_VARIABLE = YES;
				IPHONEOS_DEPLOYMENT_TARGET = 17.4;
				LOCALIZATION_PREFERS_STRING_CATALOGS = YES;
				MTL_ENABLE_DEBUG_INFO = INCLUDE_SOURCE;
				MTL_FAST_MATH = YES;
				ONLY_ACTIVE_ARCH = YES;
				SDKROOT = iphoneos;
				SWIFT_ACTIVE_COMPILATION_CONDITIONS = "DEBUG $(inherited)";
				SWIFT_OPTIMIZATION_LEVEL = "-Onone";
			};
			name = Debug;
		};
		E1DE3AC12BAA1FA0000C689C /* Release */ = {
			isa = XCBuildConfiguration;
			buildSettings = {
				ALWAYS_SEARCH_USER_PATHS = NO;
				ASSETCATALOG_COMPILER_GENERATE_SWIFT_ASSET_SYMBOL_EXTENSIONS = YES;
				CLANG_ANALYZER_NONNULL = YES;
				CLANG_ANALYZER_NUMBER_OBJECT_CONVERSION = YES_AGGRESSIVE;
				CLANG_CXX_LANGUAGE_STANDARD = "gnu++20";
				CLANG_ENABLE_MODULES = YES;
				CLANG_ENABLE_OBJC_ARC = YES;
				CLANG_ENABLE_OBJC_WEAK = YES;
				CLANG_WARN_BLOCK_CAPTURE_AUTORELEASING = YES;
				CLANG_WARN_BOOL_CONVERSION = YES;
				CLANG_WARN_COMMA = YES;
				CLANG_WARN_CONSTANT_CONVERSION = YES;
				CLANG_WARN_DEPRECATED_OBJC_IMPLEMENTATIONS = YES;
				CLANG_WARN_DIRECT_OBJC_ISA_USAGE = YES_ERROR;
				CLANG_WARN_DOCUMENTATION_COMMENTS = YES;
				CLANG_WARN_EMPTY_BODY = YES;
				CLANG_WARN_ENUM_CONVERSION = YES;
				CLANG_WARN_INFINITE_RECURSION = YES;
				CLANG_WARN_INT_CONVERSION = YES;
				CLANG_WARN_NON_LITERAL_NULL_CONVERSION = YES;
				CLANG_WARN_OBJC_IMPLICIT_RETAIN_SELF = YES;
				CLANG_WARN_OBJC_LITERAL_CONVERSION = YES;
				CLANG_WARN_OBJC_ROOT_CLASS = YES_ERROR;
				CLANG_WARN_QUOTED_INCLUDE_IN_FRAMEWORK_HEADER = YES;
				CLANG_WARN_RANGE_LOOP_ANALYSIS = YES;
				CLANG_WARN_STRICT_PROTOTYPES = YES;
				CLANG_WARN_SUSPICIOUS_MOVE = YES;
				CLANG_WARN_UNGUARDED_AVAILABILITY = YES_AGGRESSIVE;
				CLANG_WARN_UNREACHABLE_CODE = YES;
				CLANG_WARN__DUPLICATE_METHOD_MATCH = YES;
				COPY_PHASE_STRIP = NO;
				DEBUG_INFORMATION_FORMAT = "dwarf-with-dsym";
				ENABLE_NS_ASSERTIONS = NO;
				ENABLE_STRICT_OBJC_MSGSEND = YES;
				ENABLE_USER_SCRIPT_SANDBOXING = YES;
				GCC_C_LANGUAGE_STANDARD = gnu17;
				GCC_NO_COMMON_BLOCKS = YES;
				GCC_WARN_64_TO_32_BIT_CONVERSION = YES;
				GCC_WARN_ABOUT_RETURN_TYPE = YES_ERROR;
				GCC_WARN_UNDECLARED_SELECTOR = YES;
				GCC_WARN_UNINITIALIZED_AUTOS = YES_AGGRESSIVE;
				GCC_WARN_UNUSED_FUNCTION = YES;
				GCC_WARN_UNUSED_VARIABLE = YES;
				IPHONEOS_DEPLOYMENT_TARGET = 17.4;
				LOCALIZATION_PREFERS_STRING_CATALOGS = YES;
				MTL_ENABLE_DEBUG_INFO = NO;
				MTL_FAST_MATH = YES;
				SDKROOT = iphoneos;
				SWIFT_COMPILATION_MODE = wholemodule;
				VALIDATE_PRODUCT = YES;
			};
			name = Release;
		};
		E1DE3AC32BAA1FA0000C689C /* Debug */ = {
			isa = XCBuildConfiguration;
			buildSettings = {
				ASSETCATALOG_COMPILER_APPICON_NAME = AppIcon;
				ASSETCATALOG_COMPILER_GLOBAL_ACCENT_COLOR_NAME = AccentColor;
				CODE_SIGN_STYLE = Automatic;
				CURRENT_PROJECT_VERSION = 1;
				DEVELOPMENT_TEAM = VGBBY29H58;
				GENERATE_INFOPLIST_FILE = YES;
				INFOPLIST_FILE = Counter/Info.plist;
				INFOPLIST_KEY_UIApplicationSupportsIndirectInputEvents = YES;
				INFOPLIST_KEY_UILaunchStoryboardName = LaunchScreen;
				INFOPLIST_KEY_UIMainStoryboardFile = Main;
				INFOPLIST_KEY_UISupportedInterfaceOrientations_iPad = "UIInterfaceOrientationPortrait UIInterfaceOrientationPortraitUpsideDown UIInterfaceOrientationLandscapeLeft UIInterfaceOrientationLandscapeRight";
				INFOPLIST_KEY_UISupportedInterfaceOrientations_iPhone = "UIInterfaceOrientationPortrait UIInterfaceOrientationLandscapeLeft UIInterfaceOrientationLandscapeRight";
				LD_RUNPATH_SEARCH_PATHS = (
					"$(inherited)",
					"@executable_path/Frameworks",
				);
				MARKETING_VERSION = 1.0;
				PRODUCT_BUNDLE_IDENTIFIER = ds.Counter;
				PRODUCT_NAME = "$(TARGET_NAME)";
				SWIFT_EMIT_LOC_STRINGS = YES;
				SWIFT_VERSION = 5.0;
				TARGETED_DEVICE_FAMILY = "1,2";
			};
			name = Debug;
		};
		E1DE3AC42BAA1FA0000C689C /* Release */ = {
			isa = XCBuildConfiguration;
			buildSettings = {
				ASSETCATALOG_COMPILER_APPICON_NAME = AppIcon;
				ASSETCATALOG_COMPILER_GLOBAL_ACCENT_COLOR_NAME = AccentColor;
				CODE_SIGN_STYLE = Automatic;
				CURRENT_PROJECT_VERSION = 1;
				DEVELOPMENT_TEAM = VGBBY29H58;
				GENERATE_INFOPLIST_FILE = YES;
				INFOPLIST_FILE = Counter/Info.plist;
				INFOPLIST_KEY_UIApplicationSupportsIndirectInputEvents = YES;
				INFOPLIST_KEY_UILaunchStoryboardName = LaunchScreen;
				INFOPLIST_KEY_UIMainStoryboardFile = Main;
				INFOPLIST_KEY_UISupportedInterfaceOrientations_iPad = "UIInterfaceOrientationPortrait UIInterfaceOrientationPortraitUpsideDown UIInterfaceOrientationLandscapeLeft UIInterfaceOrientationLandscapeRight";
				INFOPLIST_KEY_UISupportedInterfaceOrientations_iPhone = "UIInterfaceOrientationPortrait UIInterfaceOrientationLandscapeLeft UIInterfaceOrientationLandscapeRight";
				LD_RUNPATH_SEARCH_PATHS = (
					"$(inherited)",
					"@executable_path/Frameworks",
				);
				MARKETING_VERSION = 1.0;
				PRODUCT_BUNDLE_IDENTIFIER = ds.Counter;
				PRODUCT_NAME = "$(TARGET_NAME)";
				SWIFT_EMIT_LOC_STRINGS = YES;
				SWIFT_VERSION = 5.0;
				TARGETED_DEVICE_FAMILY = "1,2";
			};
			name = Release;
		};
		E1DE3AC62BAA1FA0000C689C /* Debug */ = {
			isa = XCBuildConfiguration;
			buildSettings = {
				ALWAYS_EMBED_SWIFT_STANDARD_LIBRARIES = YES;
				BUNDLE_LOADER = "$(TEST_HOST)";
				CODE_SIGN_STYLE = Automatic;
				CURRENT_PROJECT_VERSION = 1;
				DEVELOPMENT_TEAM = VGBBY29H58;
				GENERATE_INFOPLIST_FILE = YES;
				IPHONEOS_DEPLOYMENT_TARGET = 17.4;
				MARKETING_VERSION = 1.0;
				PRODUCT_BUNDLE_IDENTIFIER = ds.CounterTests;
				PRODUCT_NAME = "$(TARGET_NAME)";
				SWIFT_EMIT_LOC_STRINGS = NO;
				SWIFT_VERSION = 5.0;
				TARGETED_DEVICE_FAMILY = "1,2";
				TEST_HOST = "$(BUILT_PRODUCTS_DIR)/Counter.app/$(BUNDLE_EXECUTABLE_FOLDER_PATH)/Counter";
			};
			name = Debug;
		};
		E1DE3AC72BAA1FA0000C689C /* Release */ = {
			isa = XCBuildConfiguration;
			buildSettings = {
				ALWAYS_EMBED_SWIFT_STANDARD_LIBRARIES = YES;
				BUNDLE_LOADER = "$(TEST_HOST)";
				CODE_SIGN_STYLE = Automatic;
				CURRENT_PROJECT_VERSION = 1;
				DEVELOPMENT_TEAM = VGBBY29H58;
				GENERATE_INFOPLIST_FILE = YES;
				IPHONEOS_DEPLOYMENT_TARGET = 17.4;
				MARKETING_VERSION = 1.0;
				PRODUCT_BUNDLE_IDENTIFIER = ds.CounterTests;
				PRODUCT_NAME = "$(TARGET_NAME)";
				SWIFT_EMIT_LOC_STRINGS = NO;
				SWIFT_VERSION = 5.0;
				TARGETED_DEVICE_FAMILY = "1,2";
				TEST_HOST = "$(BUILT_PRODUCTS_DIR)/Counter.app/$(BUNDLE_EXECUTABLE_FOLDER_PATH)/Counter";
			};
			name = Release;
		};
		E1DE3AC92BAA1FA0000C689C /* Debug */ = {
			isa = XCBuildConfiguration;
			buildSettings = {
				ALWAYS_EMBED_SWIFT_STANDARD_LIBRARIES = YES;
				CODE_SIGN_STYLE = Automatic;
				CURRENT_PROJECT_VERSION = 1;
				DEVELOPMENT_TEAM = VGBBY29H58;
				GENERATE_INFOPLIST_FILE = YES;
				MARKETING_VERSION = 1.0;
				PRODUCT_BUNDLE_IDENTIFIER = ds.CounterUITests;
				PRODUCT_NAME = "$(TARGET_NAME)";
				SWIFT_EMIT_LOC_STRINGS = NO;
				SWIFT_VERSION = 5.0;
				TARGETED_DEVICE_FAMILY = "1,2";
				TEST_TARGET_NAME = Counter;
			};
			name = Debug;
		};
		E1DE3ACA2BAA1FA0000C689C /* Release */ = {
			isa = XCBuildConfiguration;
			buildSettings = {
				ALWAYS_EMBED_SWIFT_STANDARD_LIBRARIES = YES;
				CODE_SIGN_STYLE = Automatic;
				CURRENT_PROJECT_VERSION = 1;
				DEVELOPMENT_TEAM = VGBBY29H58;
				GENERATE_INFOPLIST_FILE = YES;
				MARKETING_VERSION = 1.0;
				PRODUCT_BUNDLE_IDENTIFIER = ds.CounterUITests;
				PRODUCT_NAME = "$(TARGET_NAME)";
				SWIFT_EMIT_LOC_STRINGS = NO;
				SWIFT_VERSION = 5.0;
				TARGETED_DEVICE_FAMILY = "1,2";
				TEST_TARGET_NAME = Counter;
			};
			name = Release;
		};
/* End XCBuildConfiguration section */

/* Begin XCConfigurationList section */
		E1DE3A932BAA1F9E000C689C /* Build configuration list for PBXProject "Counter" */ = {
			isa = XCConfigurationList;
			buildConfigurations = (
				E1DE3AC02BAA1FA0000C689C /* Debug */,
				E1DE3AC12BAA1FA0000C689C /* Release */,
			);
			defaultConfigurationIsVisible = 0;
			defaultConfigurationName = Release;
		};
		E1DE3AC22BAA1FA0000C689C /* Build configuration list for PBXNativeTarget "Counter" */ = {
			isa = XCConfigurationList;
			buildConfigurations = (
				E1DE3AC32BAA1FA0000C689C /* Debug */,
				E1DE3AC42BAA1FA0000C689C /* Release */,
			);
			defaultConfigurationIsVisible = 0;
			defaultConfigurationName = Release;
		};
		E1DE3AC52BAA1FA0000C689C /* Build configuration list for PBXNativeTarget "CounterTests" */ = {
			isa = XCConfigurationList;
			buildConfigurations = (
				E1DE3AC62BAA1FA0000C689C /* Debug */,
				E1DE3AC72BAA1FA0000C689C /* Release */,
			);
			defaultConfigurationIsVisible = 0;
			defaultConfigurationName = Release;
		};
		E1DE3AC82BAA1FA0000C689C /* Build configuration list for PBXNativeTarget "CounterUITests" */ = {
			isa = XCConfigurationList;
			buildConfigurations = (
				E1DE3AC92BAA1FA0000C689C /* Debug */,
				E1DE3ACA2BAA1FA0000C689C /* Release */,
			);
			defaultConfigurationIsVisible = 0;
			defaultConfigurationName = Release;
		};
/* End XCConfigurationList section */
	};
	rootObject = E1DE3A902BAA1F9E000C689C /* Project object */;
}
